github.com/heroiclabs/nakama-common v1.42.1 h1:C7Ky7V74MJv/mjsMMJPqK7HdysX6iByalQ3H7qLp3iQ=
github.com/heroiclabs/nakama-common v1.42.1/go.mod h1:E4yiMQmn8KHQ77WqBLVUfazdiPnwFYWqUrfGOrqOXk8=
google.golang.org/protobuf v1.36.8 h1:xHScyCOEuuwZEc6UtSOvPbAT4zRh0xcNRYekJwfqyMc=
google.golang.org/protobuf v1.36.8/go.mod h1:fuxRtAxBytpl4zzqUh6/eyUujkJdNiuEkXntxiD/uRU=
